{
  "version": 4,
  "terraform_version": "1.12.2",
  "serial": 3,
  "lineage": "4569c314-9f28-8d0d-0b0b-180332007ead",
  "outputs": {
    "ecr_repository_arn": {
      "value": "arn:aws:ecr:eu-central-1:295797775431:repository/python-calculator",
      "type": "string"
    },
    "ecr_repository_url": {
      "value": "295797775431.dkr.ecr.eu-central-1.amazonaws.com/python-calculator",
      "type": "string"
    }
  },
  "resources": [
    {
      "mode": "managed",
      "type": "aws_ecr_lifecycle_policy",
      "name": "python_calculator_policy",
      "provider": "provider[\"registry.terraform.io/hashicorp/aws\"]",
      "instances": [
        {
          "schema_version": 0,
          "attributes": {
            "id": "python-calculator",
            "policy": "{\"rules\":[{\"action\":{\"type\":\"expire\"},\"description\":\"Keep last 10 images\",\"rulePriority\":1,\"selection\":{\"countNumber\":10,\"countType\":\"imageCountMoreThan\",\"tagPrefixList\":[\"v\"],\"tagStatus\":\"tagged\"}}]}",
            "registry_id": "295797775431",
            "repository": "python-calculator"
          },
          "sensitive_attributes": [],
          "identity_schema_version": 0,
          "private": "bnVsbA==",
          "dependencies": [
            "aws_ecr_repository.python_calculator"
          ]
        }
      ]
    },
    {
      "mode": "managed",
      "type": "aws_ecr_repository",
      "name": "python_calculator",
      "provider": "provider[\"registry.terraform.io/hashicorp/aws\"]",
      "instances": [
        {
          "schema_version": 0,
          "attributes": {
            "arn": "arn:aws:ecr:eu-central-1:295797775431:repository/python-calculator",
            "encryption_configuration": [
              {
                "encryption_type": "AES256",
                "kms_key": ""
              }
            ],
            "force_delete": null,
            "id": "python-calculator",
            "image_scanning_configuration": [
              {
                "scan_on_push": true
              }
            ],
            "image_tag_mutability": "MUTABLE",
            "name": "python-calculator",
            "registry_id": "295797775431",
            "repository_url": "295797775431.dkr.ecr.eu-central-1.amazonaws.com/python-calculator",
            "tags": {
              "Environment": "dev",
              "Lesson": "5",
              "Project": "DevOps-Course"
            },
            "tags_all": {
              "Environment": "dev",
              "Lesson": "5",
              "Project": "DevOps-Course"
            },
            "timeouts": null
          },
          "sensitive_attributes": [],
          "identity_schema_version": 0,
          "private": "eyJlMmJmYjczMC1lY2FhLTExZTYtOGY4OC0zNDM2M2JjN2M0YzAiOnsiZGVsZXRlIjoxMjAwMDAwMDAwMDAwfX0="
        }
      ]
    }
  ],
  "check_results": null
}
